
Microsoft Visual Studio Solution File, Format Version 12.00
# Visual Studio Version 17
VisualStudioVersion = 17.14.37710.0 d17.14
MinimumVisualStudioVersion = 10.0.40219.1
Project("{FAE04EC0-301F-11D3-BF4B-00C04F79EFBC}") = "ComicBookGallery", "ComicBookGallery\ComicBookGallery.csproj", "{F66FD59B-02E7-4997-B5FB-2ED78FE781E5}"
EndProject
Global
	GlobalSection(SolutionConfigurationPlatforms) = preSolution
		Debug|Any CPU = Debug|Any CPU
		Release|Any CPU = Release|Any CPU
	EndGlobalSection
	GlobalSection(ProjectConfigurationPlatforms) = postSolution
		{F66FD59B-02E7-4997-B5FB-2ED78FE781E5}.Debug|Any CPU.ActiveCfg = Debug|Any CPU
		{F66FD59B-02E7-4997-B5FB-2ED78FE781E5}.Debug|Any CPU.Build.0 = Debug|Any CPU
		{F66FD59B-02E7-4997-B5FB-2ED78FE781E5}.Release|Any CPU.ActiveCfg = Release|Any CPU
		{F66FD59B-02E7-4997-B5FB-2ED78FE781E5}.Release|Any CPU.Build.0 = Release|Any CPU
	EndGlobalSection
	GlobalSection(SolutionProperties) = preSolution
		HideSolutionNode = FALSE
	EndGlobalSection
	GlobalSection(ExtensibilityGlobals) = postSolution
		SolutionGuid = {CEC6973C-7D60-47B5-8598-48A3AF139996}
	EndGlobalSection
EndGlobal
